{
  "requires": true,
  "lockfileVersion": 1,
  "dependencies": {
    "@aws-amplify/analytics": {
      "version": "1.2.10",
      "resolved": "https://registry.npmjs.org/@aws-amplify/analytics/-/analytics-1.2.10.tgz",
      "integrity": "sha512-pN/DdMVd2usS63cXMtnluxmHR91U1cMne727/ri7S2h3s9QGGtpssAoV6UzgqWf2Jhsy4qiQFPtoSobJCuQ28g==",
      "requires": {
        "@aws-amplify/cache": "^1.0.22",
        "@aws-amplify/core": "^1.0.22",
        "uuid": "^3.2.1"
      }
    },
    "@aws-amplify/api": {
      "version": "1.0.26",
      "resolved": "https://registry.npmjs.org/@aws-amplify/api/-/api-1.0.26.tgz",
      "integrity": "sha512-jNFJcSOAQcN6FEsySGSjYQBoN4IkaGVhQ8NE+F1xVZd5QFGnwgS0d7iq2GhsZcEn0BsYRV4cQUpXTvnOQaP7eA==",
      "requires": {
        "@aws-amplify/auth": "^1.2.15",
        "@aws-amplify/cache": "^1.0.22",
        "@aws-amplify/core": "^1.0.22",
        "@types/zen-observable": "^0.5.3",
        "axios": "^0.17.0",
        "graphql": "0.13.0",
        "uuid": "^3.2.1",
        "zen-observable": "^0.8.6"
      }
    },
    "@aws-amplify/auth": {
      "version": "1.2.15",
      "resolved": "https://registry.npmjs.org/@aws-amplify/auth/-/auth-1.2.15.tgz",
      "integrity": "sha512-DVfy3CqXv6i0W/8BwiVXMK6aQHv+/QKNIXF4F0vfQLxLSrh5xevZdkaDap2mmT0jwKDg4XnENeSpxxXAPVM7nw==",
      "requires": {
        "@aws-amplify/cache": "^1.0.22",
        "@aws-amplify/core": "^1.0.22",
        "amazon-cognito-auth-js": "^1.1.9",
        "amazon-cognito-identity-js": "^3.0.7"
      }
    },
    "@aws-amplify/cache": {
      "version": "1.0.22",
      "resolved": "https://registry.npmjs.org/@aws-amplify/cache/-/cache-1.0.22.tgz",
      "integrity": "sha512-zNFdReAeLQkQOzm6NpWFSqdpgf3YBHalHKZzsab66wf7yIHcQr8NKlAVHOPVNasXrLbyMPl5km7fdG5nmiC4qw==",
      "requires": {
        "@aws-amplify/core": "^1.0.22"
      }
    },
    "@aws-amplify/core": {
      "version": "1.0.22",
      "resolved": "https://registry.npmjs.org/@aws-amplify/core/-/core-1.0.22.tgz",
      "integrity": "sha512-O511Vogd56r7LV+H8tSl/TfEvRSXxpIGMRPJi1TI8kBD0QICfJpMTJFFr0RGdU/ug9/6Vs2iFU0zahueOdLzAQ==",
      "requires": {
        "aws-sdk": "2.329.0",
        "url": "^0.11.0"
      }
    },
    "@aws-amplify/interactions": {
      "version": "1.0.25",
      "resolved": "https://registry.npmjs.org/@aws-amplify/interactions/-/interactions-1.0.25.tgz",
      "integrity": "sha512-kKpB8PRWicUDQvc3yrtx5wjdkyk950RQS+57D10s8PnqXEahW/36qKCjf6oot6UBmuhPnyUaQ+3ydLyS2f5ZLw==",
      "requires": {
        "@aws-amplify/core": "^1.0.22"
      }
    },
    "@aws-amplify/pubsub": {
      "version": "1.0.22",
      "resolved": "https://registry.npmjs.org/@aws-amplify/pubsub/-/pubsub-1.0.22.tgz",
      "integrity": "sha512-6tyMMhvkdeN86MPD8kHJ5x0ucs20uSeKoo8qODelo8XbK0/qjNfLypf7e+Dt4gjPPJbsWpm/8i9UGOlFZhY4ow==",
      "requires": {
        "@aws-amplify/core": "^1.0.22",
        "@types/zen-observable": "^0.5.3",
        "uuid": "^3.2.1",
        "zen-observable": "^0.8.6"
      }
    },
    "@aws-amplify/storage": {
      "version": "1.0.25",
      "resolved": "https://registry.npmjs.org/@aws-amplify/storage/-/storage-1.0.25.tgz",
      "integrity": "sha512-zWeMdLZLs1V8RuJNdY0qhk2oYqvTBafRTjlT5PDsspkxBqB51leRYAcYuNa4XWSjwTg/Hh9rQ0mYPYBQV8N6kA==",
      "requires": {
        "@aws-amplify/core": "^1.0.22"
      }
    },
    "@aws-amplify/ui": {
      "version": "1.0.15",
      "resolved": "https://registry.npmjs.org/@aws-amplify/ui/-/ui-1.0.15.tgz",
      "integrity": "sha512-fBMhCYpTumEQEZswolWS/qGx274zAP1cRmrhLMtxu9MFZe2Wo8K/miqYfD2zXybOlnJQp7h8U7gho4/p2gKXnw=="
    },
    "@aws-amplify/xr": {
      "version": "0.1.12",
      "resolved": "https://registry.npmjs.org/@aws-amplify/xr/-/xr-0.1.12.tgz",
      "integrity": "sha512-egqzDovnqYAC7SgjGmRKh8foDzlMyDG5rLRqzEWdXG/0s+YAb6qw/4uVbaLukR3UZxoaI0Qds4lreOWhqe1Gnw==",
      "requires": {
        "@aws-amplify/core": "^1.0.22"
      }
    },
    "@types/zen-observable": {
      "version": "0.5.4",
      "resolved": "https://registry.npmjs.org/@types/zen-observable/-/zen-observable-0.5.4.tgz",
      "integrity": "sha512-sW6xN96wUak4tgc89d0tbTg7QDGYhGv5hvQIS6h4mRCd8h2btiZ80loPU8cyLwsBbA4ZeQt0FjvUhJ4rNhdsGg=="
    },
    "amazon-cognito-auth-js": {
      "version": "1.3.1",
      "resolved": "https://registry.npmjs.org/amazon-cognito-auth-js/-/amazon-cognito-auth-js-1.3.1.tgz",
      "integrity": "sha512-umEIa4HRVpsnjixXjSoQC9an+ZtTwaaI2PKVZFmgd2DKgeEYDDSFb7+NRRvEeZO068jEobaJTpti6DfGxq9Zug==",
      "requires": {
        "js-cookie": "^2.1.4"
      }
    },
    "amazon-cognito-identity-js": {
      "version": "3.0.7",
      "resolved": "https://registry.npmjs.org/amazon-cognito-identity-js/-/amazon-cognito-identity-js-3.0.7.tgz",
      "integrity": "sha512-aYzVLIDqpTmXwBFceKMBotdhisURCx4tYrw+1UghWAItDejFm/+vqfvB8zmTBBWHO8pbuQHeKklJuWsaCKwHlg==",
      "requires": {
        "buffer": "4.9.1",
        "crypto-js": "^3.1.9-1",
        "js-cookie": "^2.1.4"
      }
    },
    "aws-amplify": {
      "version": "1.1.19",
      "resolved": "https://registry.npmjs.org/aws-amplify/-/aws-amplify-1.1.19.tgz",
      "integrity": "sha512-Bb7vrTm6ItO6M6ANYdYEv8Zegi2BhcFqQgozj5G+sJFnFtfVUPmweIzxbzslzc0jhb93Vo0T4jCoPo7BPEMGcA==",
      "requires": {
        "@aws-amplify/analytics": "^1.2.10",
        "@aws-amplify/api": "^1.0.26",
        "@aws-amplify/auth": "^1.2.15",
        "@aws-amplify/cache": "^1.0.22",
        "@aws-amplify/core": "^1.0.22",
        "@aws-amplify/interactions": "^1.0.25",
        "@aws-amplify/pubsub": "^1.0.22",
        "@aws-amplify/storage": "^1.0.25",
        "@aws-amplify/ui": "^1.0.15",
        "@aws-amplify/xr": "^0.1.12"
      }
    },
    "aws-amplify-vue": {
      "version": "0.2.5",
      "resolved": "https://registry.npmjs.org/aws-amplify-vue/-/aws-amplify-vue-0.2.5.tgz",
      "integrity": "sha512-fyGFWveMvSSWmTWaR3o3xpXhJvJEA41jf86RQQsDi979w/1/LxvVCb9yQb/62lUABLqTef3SH1yV6prEWxzZAw==",
      "requires": {
        "qrcode.vue": "^1.6.0",
        "vue": "^2.5.17",
        "vue2-filters": "^0.3.0"
      }
    },
    "aws-sdk": {
      "version": "2.329.0",
      "resolved": "https://registry.npmjs.org/aws-sdk/-/aws-sdk-2.329.0.tgz",
      "integrity": "sha512-5yti9jyL6QL8CP5LGKX3uyrQcLAvLk6kyMZ749+F68IsutFKi0DaYxjxqx7lqWfzCSH3Z5REJ+XeywJLQ2tqfQ==",
      "requires": {
        "buffer": "4.9.1",
        "events": "1.1.1",
        "ieee754": "1.1.8",
        "jmespath": "0.15.0",
        "querystring": "0.2.0",
        "sax": "1.2.1",
        "url": "0.10.3",
        "uuid": "3.1.0",
        "xml2js": "0.4.19"
      },
      "dependencies": {
        "url": {
          "version": "0.10.3",
          "resolved": "https://registry.npmjs.org/url/-/url-0.10.3.tgz",
          "integrity": "sha1-Ah5NnHcF8hu/N9A861h2dAJ3TGQ=",
          "requires": {
            "punycode": "1.3.2",
            "querystring": "0.2.0"
          }
        },
        "uuid": {
          "version": "3.1.0",
          "resolved": "https://registry.npmjs.org/uuid/-/uuid-3.1.0.tgz",
          "integrity": "sha512-DIWtzUkw04M4k3bf1IcpS2tngXEL26YUD2M0tMDUpnUrz2hgzUBlD55a4FjdLGPvfHxS6uluGWvaVEqgBcVa+g=="
        }
      }
    },
    "axios": {
      "version": "0.17.1",
      "resolved": "https://registry.npmjs.org/axios/-/axios-0.17.1.tgz",
      "integrity": "sha1-LY4+XQvb1zJ/kbyBT1xXZg+Bgk0=",
      "requires": {
        "follow-redirects": "^1.2.5",
        "is-buffer": "^1.1.5"
      }
    },
    "base64-js": {
      "version": "1.3.0",
      "resolved": "https://registry.npmjs.org/base64-js/-/base64-js-1.3.0.tgz",
      "integrity": "sha512-ccav/yGvoa80BQDljCxsmmQ3Xvx60/UpBIij5QN21W3wBi/hhIC9OoO+KLpu9IJTS9j4DRVJ3aDDF9cMSoa2lw=="
    },
    "buffer": {
      "version": "4.9.1",
      "resolved": "https://registry.npmjs.org/buffer/-/buffer-4.9.1.tgz",
      "integrity": "sha1-bRu2AbB6TvztlwlBMgkwJ8lbwpg=",
      "requires": {
        "base64-js": "^1.0.2",
        "ieee754": "^1.1.4",
        "isarray": "^1.0.0"
      }
    },
    "crypto-js": {
      "version": "3.1.9-1",
      "resolved": "https://registry.npmjs.org/crypto-js/-/crypto-js-3.1.9-1.tgz",
      "integrity": "sha1-/aGedh/Ad+Af+/3G6f38WeiAbNg="
    },
    "debug": {
      "version": "3.2.6",
      "resolved": "https://registry.npmjs.org/debug/-/debug-3.2.6.tgz",
      "integrity": "sha512-mel+jf7nrtEl5Pn1Qx46zARXKDpBbvzezse7p7LqINmdoIk8PYP5SySaxEmYv6TZ0JyEKA1hsCId6DIhgITtWQ==",
      "requires": {
        "ms": "^2.1.1"
      }
    },
    "events": {
      "version": "1.1.1",
      "resolved": "https://registry.npmjs.org/events/-/events-1.1.1.tgz",
      "integrity": "sha1-nr23Y1rQmccNzEwqH1AEKI6L2SQ="
    },
    "follow-redirects": {
      "version": "1.7.0",
      "resolved": "https://registry.npmjs.org/follow-redirects/-/follow-redirects-1.7.0.tgz",
      "integrity": "sha512-m/pZQy4Gj287eNy94nivy5wchN3Kp+Q5WgUPNy5lJSZ3sgkVKSYV/ZChMAQVIgx1SqfZ2zBZtPA2YlXIWxxJOQ==",
      "requires": {
        "debug": "^3.2.6"
      }
    },
    "graphql": {
      "version": "0.13.0",
      "resolved": "https://registry.npmjs.org/graphql/-/graphql-0.13.0.tgz",
      "integrity": "sha512-WlO+ZJT9aY3YrBT+H5Kk+eVb3OVVehB9iRD/xqeHdmrrn4AFl5FIcOpfHz/vnBr6Y6JthGMlnFqU8XRnDjSR7A==",
      "requires": {
        "iterall": "1.1.x"
      }
    },
    "ieee754": {
      "version": "1.1.8",
      "resolved": "https://registry.npmjs.org/ieee754/-/ieee754-1.1.8.tgz",
      "integrity": "sha1-vjPUCsEO8ZJnAfbwii2G+/0a0+Q="
    },
    "is-buffer": {
      "version": "1.1.6",
      "resolved": "https://registry.npmjs.org/is-buffer/-/is-buffer-1.1.6.tgz",
      "integrity": "sha512-NcdALwpXkTm5Zvvbk7owOUSvVvBKDgKP5/ewfXEznmQFfs4ZRmanOeKBTjRVjka3QFoN6XJ+9F3USqfHqTaU5w=="
    },
    "isarray": {
      "version": "1.0.0",
      "resolved": "https://registry.npmjs.org/isarray/-/isarray-1.0.0.tgz",
      "integrity": "sha1-u5NdSFgsuhaMBoNJV6VKPgcSTxE="
    },
    "iterall": {
      "version": "1.1.4",
      "resolved": "https://registry.npmjs.org/iterall/-/iterall-1.1.4.tgz",
      "integrity": "sha512-eaDsM/PY8D/X5mYQhecVc5/9xvSHED7yPON+ffQroBeTuqUVm7dfphMkK8NksXuImqZlVRoKtrNfMIVCYIqaUQ=="
    },
    "jmespath": {
      "version": "0.15.0",
      "resolved": "https://registry.npmjs.org/jmespath/-/jmespath-0.15.0.tgz",
      "integrity": "sha1-o/Iiqarp+Wb10nx5ZRDigJF2Qhc="
    },
    "js-cookie": {
      "version": "2.2.0",
      "resolved": "https://registry.npmjs.org/js-cookie/-/js-cookie-2.2.0.tgz",
      "integrity": "sha1-Gywnmm7s44ChIWi5JIUmWzWx7/s="
    },
    "ms": {
      "version": "2.1.1",
      "resolved": "https://registry.npmjs.org/ms/-/ms-2.1.1.tgz",
      "integrity": "sha512-tgp+dl5cGk28utYktBsrFqA7HKgrhgPsg6Z/EfhWI4gl1Hwq8B/GmY/0oXZ6nF8hDVesS/FpnYaD/kOWhYQvyg=="
    },
    "punycode": {
      "version": "1.3.2",
      "resolved": "https://registry.npmjs.org/punycode/-/punycode-1.3.2.tgz",
      "integrity": "sha1-llOgNvt8HuQjQvIyXM7v6jkmxI0="
    },
    "qrcode.vue": {
      "version": "1.6.1",
      "resolved": "https://registry.npmjs.org/qrcode.vue/-/qrcode.vue-1.6.1.tgz",
      "integrity": "sha512-Qo0zpAQVTdRZsmquppZShMQOaxg/JhzTsoQtlIxTTgwHr2oVg4mhCah41MtBYi67O00D342dzgU4YyECSK04FA=="
    },
    "querystring": {
      "version": "0.2.0",
      "resolved": "https://registry.npmjs.org/querystring/-/querystring-0.2.0.tgz",
      "integrity": "sha1-sgmEkgO7Jd+CDadW50cAWHhSFiA="
    },
    "sax": {
      "version": "1.2.1",
      "resolved": "https://registry.npmjs.org/sax/-/sax-1.2.1.tgz",
      "integrity": "sha1-e45lYZCyKOgaZq6nSEgNgozS03o="
    },
    "url": {
      "version": "0.11.0",
      "resolved": "https://registry.npmjs.org/url/-/url-0.11.0.tgz",
      "integrity": "sha1-ODjpfPxgUh63PFJajlW/3Z4uKPE=",
      "requires": {
        "punycode": "1.3.2",
        "querystring": "0.2.0"
      }
    },
    "uuid": {
      "version": "3.3.2",
      "resolved": "https://registry.npmjs.org/uuid/-/uuid-3.3.2.tgz",
      "integrity": "sha512-yXJmeNaw3DnnKAOKJE51sL/ZaYfWJRl1pK9dr19YFCu0ObS231AB1/LbqTKRAQ5kw8A90rA6fr4riOUpTZvQZA=="
    },
    "vue": {
      "version": "2.6.7",
      "resolved": "https://registry.npmjs.org/vue/-/vue-2.6.7.tgz",
      "integrity": "sha512-g7ADfQ82QU+j6F/bVDioVQf2ccIMYLuR4E8ev+RsDBlmwRkhGO3HhgF4PF9vpwjdPpxyb1zzLur2nQ2oIMAMEg=="
    },
    "vue2-filters": {
      "version": "0.3.0",
      "resolved": "https://registry.npmjs.org/vue2-filters/-/vue2-filters-0.3.0.tgz",
      "integrity": "sha512-/i2gHtSfedzbgaC6rHuWTggCW9G6mLWZQ8TQgYciE2ei9iOlyB4iobubNr/7APjoYmupFtXv125yZfXygPV2+A=="
    },
    "xml2js": {
      "version": "0.4.19",
      "resolved": "https://registry.npmjs.org/xml2js/-/xml2js-0.4.19.tgz",
      "integrity": "sha512-esZnJZJOiJR9wWKMyuvSE1y6Dq5LCuJanqhxslH2bxM6duahNZ+HMpCLhBQGZkbX6xRf8x1Y2eJlgt2q3qo49Q==",
      "requires": {
        "sax": ">=0.6.0",
        "xmlbuilder": "~9.0.1"
      }
    },
    "xmlbuilder": {
      "version": "9.0.7",
      "resolved": "https://registry.npmjs.org/xmlbuilder/-/xmlbuilder-9.0.7.tgz",
      "integrity": "sha1-Ey7mPS7FVlxVfiD0wi35rKaGsQ0="
    },
    "zen-observable": {
      "version": "0.8.13",
      "resolved": "https://registry.npmjs.org/zen-observable/-/zen-observable-0.8.13.tgz",
      "integrity": "sha512-fa+6aDUVvavYsefZw0zaZ/v3ckEtMgCFi30sn91SEZea4y/6jQp05E3omjkX91zV6RVdn15fqnFZ6RKjRGbp2g=="
    }
  }
}
